
Microsoft Visual Studio Solution File, Format Version 12.00
# Visual Studio Version 17
VisualStudioVersion = 17.5.33530.505
MinimumVisualStudioVersion = 10.0.40219.1
Project("{FAE04EC0-301F-11D3-BF4B-00C04F79EFBC}") = "BlogMangementApi", "BlogMangementApi\BlogMangementApi.csproj", "{96EB2DAA-38D2-4966-957A-1C9AEBB232A8}"
EndProject
Global
	GlobalSection(SolutionConfigurationPlatforms) = preSolution
		Debug|Any CPU = Debug|Any CPU
		Release|Any CPU = Release|Any CPU
	EndGlobalSection
	GlobalSection(ProjectConfigurationPlatforms) = postSolution
		{96EB2DAA-38D2-4966-957A-1C9AEBB232A8}.Debug|Any CPU.ActiveCfg = Debug|Any CPU
		{96EB2DAA-38D2-4966-957A-1C9AEBB232A8}.Debug|Any CPU.Build.0 = Debug|Any CPU
		{96EB2DAA-38D2-4966-957A-1C9AEBB232A8}.Release|Any CPU.ActiveCfg = Release|Any CPU
		{96EB2DAA-38D2-4966-957A-1C9AEBB232A8}.Release|Any CPU.Build.0 = Release|Any CPU
	EndGlobalSection
	GlobalSection(SolutionProperties) = preSolution
		HideSolutionNode = FALSE
	EndGlobalSection
	GlobalSection(ExtensibilityGlobals) = postSolution
		SolutionGuid = {F4F25800-D6A7-433F-92C2-96B3A78AD176}
	EndGlobalSection
EndGlobal
